
Microsoft Visual Studio Solution File, Format Version 12.00
# Visual Studio Version 16
VisualStudioVersion = 16.0.30114.105
MinimumVisualStudioVersion = 10.0.40219.1
Project("{52664F59-BAFE-48ED-B1CF-54190C075A42}") = "BoxServerApi", "BoxServerApi\BoxServerApi.csproj", "{3DF473BB-E054-4EB0-9DE5-752BA2AB9788}"
EndProject
Project("{52664F59-BAFE-48ED-B1CF-54190C075A42}") = "BoxServer", "BoxServer\BoxServer.csproj", "{64D95A53-78D7-430A-BC9E-EA5AA6AAEAB1}"
EndProject
Project("{52664F59-BAFE-48ED-B1CF-54190C075A42}") = "BoxServerModels", "BoxServerModels\BoxServerModels.csproj", "{53BA1708-485E-4322-8978-BE73229A6C62}"
EndProject
Project("{FAE04EC0-301F-11D3-BF4B-00C04F79EFBC}") = "BoxUI", "BoxUI\BoxUI.csproj", "{9686ABBA-407A-43BF-A6FA-2865D734A957}"
EndProject
Project("{FAE04EC0-301F-11D3-BF4B-00C04F79EFBC}") = "Box.AppHost", "Box.AppHost\Box.AppHost.csproj", "{DFFCFD63-C4BB-4E4B-AE81-4401F0563ADF}"
EndProject
Project("{FAE04EC0-301F-11D3-BF4B-00C04F79EFBC}") = "Box.ServiceDefaults", "Box.ServiceDefaults\Box.ServiceDefaults.csproj", "{139762E1-2CDF-4BC7-96E5-ED78E8D21979}"
EndProject
Global
	GlobalSection(SolutionConfigurationPlatforms) = preSolution
		Debug|Any CPU = Debug|Any CPU
		Release|Any CPU = Release|Any CPU
	EndGlobalSection
	GlobalSection(SolutionProperties) = preSolution
		HideSolutionNode = FALSE
	EndGlobalSection
	GlobalSection(ProjectConfigurationPlatforms) = postSolution
		{3DF473BB-E054-4EB0-9DE5-752BA2AB9788}.Debug|Any CPU.ActiveCfg = Debug|Any CPU
		{3DF473BB-E054-4EB0-9DE5-752BA2AB9788}.Debug|Any CPU.Build.0 = Debug|Any CPU
		{3DF473BB-E054-4EB0-9DE5-752BA2AB9788}.Release|Any CPU.ActiveCfg = Release|Any CPU
		{3DF473BB-E054-4EB0-9DE5-752BA2AB9788}.Release|Any CPU.Build.0 = Release|Any CPU
		{64D95A53-78D7-430A-BC9E-EA5AA6AAEAB1}.Debug|Any CPU.ActiveCfg = Debug|Any CPU
		{64D95A53-78D7-430A-BC9E-EA5AA6AAEAB1}.Debug|Any CPU.Build.0 = Debug|Any CPU
		{64D95A53-78D7-430A-BC9E-EA5AA6AAEAB1}.Release|Any CPU.ActiveCfg = Release|Any CPU
		{64D95A53-78D7-430A-BC9E-EA5AA6AAEAB1}.Release|Any CPU.Build.0 = Release|Any CPU
		{53BA1708-485E-4322-8978-BE73229A6C62}.Debug|Any CPU.ActiveCfg = Debug|Any CPU
		{53BA1708-485E-4322-8978-BE73229A6C62}.Debug|Any CPU.Build.0 = Debug|Any CPU
		{53BA1708-485E-4322-8978-BE73229A6C62}.Release|Any CPU.ActiveCfg = Release|Any CPU
		{53BA1708-485E-4322-8978-BE73229A6C62}.Release|Any CPU.Build.0 = Release|Any CPU
		{9686ABBA-407A-43BF-A6FA-2865D734A957}.Debug|Any CPU.ActiveCfg = Debug|Any CPU
		{9686ABBA-407A-43BF-A6FA-2865D734A957}.Debug|Any CPU.Build.0 = Debug|Any CPU
		{9686ABBA-407A-43BF-A6FA-2865D734A957}.Release|Any CPU.ActiveCfg = Release|Any CPU
		{9686ABBA-407A-43BF-A6FA-2865D734A957}.Release|Any CPU.Build.0 = Release|Any CPU
		{DFFCFD63-C4BB-4E4B-AE81-4401F0563ADF}.Debug|Any CPU.ActiveCfg = Debug|Any CPU
		{DFFCFD63-C4BB-4E4B-AE81-4401F0563ADF}.Debug|Any CPU.Build.0 = Debug|Any CPU
		{DFFCFD63-C4BB-4E4B-AE81-4401F0563ADF}.Release|Any CPU.ActiveCfg = Release|Any CPU
		{DFFCFD63-C4BB-4E4B-AE81-4401F0563ADF}.Release|Any CPU.Build.0 = Release|Any CPU
		{139762E1-2CDF-4BC7-96E5-ED78E8D21979}.Debug|Any CPU.ActiveCfg = Debug|Any CPU
		{139762E1-2CDF-4BC7-96E5-ED78E8D21979}.Debug|Any CPU.Build.0 = Debug|Any CPU
		{139762E1-2CDF-4BC7-96E5-ED78E8D21979}.Release|Any CPU.ActiveCfg = Release|Any CPU
		{139762E1-2CDF-4BC7-96E5-ED78E8D21979}.Release|Any CPU.Build.0 = Release|Any CPU
	EndGlobalSection
EndGlobal
